
Microsoft Visual Studio Solution File, Format Version 12.00
# Visual Studio Version 16
VisualStudioVersion = 16.0.29911.84
MinimumVisualStudioVersion = 10.0.40219.1
Project("{FAE04EC0-301F-11D3-BF4B-00C04F79EFBC}") = "Solucion.Consola", "Solucion.Consola\Solucion.Consola.csproj", "{EF734774-993E-48F0-B940-C0FB583587D1}"
EndProject
Project("{FAE04EC0-301F-11D3-BF4B-00C04F79EFBC}") = "Solucion.LibreriaNegocio", "Solucion.LibreriaNegocio\Solucion.LibreriaNegocio.csproj", "{0C66E68F-04D4-4C9A-8903-7DF0358BD36F}"
EndProject
Project("{FAE04EC0-301F-11D3-BF4B-00C04F79EFBC}") = "Solucion.Presentacion", "Solucion.Presentacion\Solucion.Presentacion.csproj", "{0A0F5BB6-4A42-46B1-8AAE-86C4A355C918}"
EndProject
Global
	GlobalSection(SolutionConfigurationPlatforms) = preSolution
		Debug|Any CPU = Debug|Any CPU
		Release|Any CPU = Release|Any CPU
	EndGlobalSection
	GlobalSection(ProjectConfigurationPlatforms) = postSolution
		{EF734774-993E-48F0-B940-C0FB583587D1}.Debug|Any CPU.ActiveCfg = Debug|Any CPU
		{EF734774-993E-48F0-B940-C0FB583587D1}.Debug|Any CPU.Build.0 = Debug|Any CPU
		{EF734774-993E-48F0-B940-C0FB583587D1}.Release|Any CPU.ActiveCfg = Release|Any CPU
		{EF734774-993E-48F0-B940-C0FB583587D1}.Release|Any CPU.Build.0 = Release|Any CPU
		{0C66E68F-04D4-4C9A-8903-7DF0358BD36F}.Debug|Any CPU.ActiveCfg = Debug|Any CPU
		{0C66E68F-04D4-4C9A-8903-7DF0358BD36F}.Debug|Any CPU.Build.0 = Debug|Any CPU
		{0C66E68F-04D4-4C9A-8903-7DF0358BD36F}.Release|Any CPU.ActiveCfg = Release|Any CPU
		{0C66E68F-04D4-4C9A-8903-7DF0358BD36F}.Release|Any CPU.Build.0 = Release|Any CPU
		{0A0F5BB6-4A42-46B1-8AAE-86C4A355C918}.Debug|Any CPU.ActiveCfg = Debug|Any CPU
		{0A0F5BB6-4A42-46B1-8AAE-86C4A355C918}.Debug|Any CPU.Build.0 = Debug|Any CPU
		{0A0F5BB6-4A42-46B1-8AAE-86C4A355C918}.Release|Any CPU.ActiveCfg = Release|Any CPU
		{0A0F5BB6-4A42-46B1-8AAE-86C4A355C918}.Release|Any CPU.Build.0 = Release|Any CPU
	EndGlobalSection
	GlobalSection(SolutionProperties) = preSolution
		HideSolutionNode = FALSE
	EndGlobalSection
	GlobalSection(ExtensibilityGlobals) = postSolution
		SolutionGuid = {75330F77-97FB-43E8-861F-0E238EBD88EF}
	EndGlobalSection
EndGlobal
